github.com/lib/pq v1.8.0 h1:9xohqzkUwzR4Ga4ivdTcawVS89YSDVxXMa3xJX3cGzg=
github.com/lib/pq v1.8.0/go.mod h1:AlVN5x4E4T544tWzH6hKfbfQvm3HdbOxrmggDNAPY9o=
github.com/mercadolibre/golang-restclient v0.0.0-20170701022150-51958130a0a0 h1:EDOjA2IGgjSBlPlnW7CzBUo/o410SMiFh670jP29Kc4=
github.com/mercadolibre/golang-restclient v0.0.0-20170701022150-51958130a0a0/go.mod h1:Z7qYja4aGk/RWl1yJtN1LXRvC7Hsbq8SEbqWWDrMqMs=
github.com/robfig/cron v1.2.0 h1:ZjScXvvxeQ63Dbyxy76Fj3AT3Ut0aKsyd2/tl3DTMuQ=
github.com/robfig/cron v1.2.0/go.mod h1:JGuDeoQd7Z6yL4zQhZ3OPEVHB7fL6Ka6skscFHfmt2k=
